{
  "name": "rodrigol-2",
  "version": "2.2.2-rc.golive.1",
  "lockfileVersion": 3,
  "requires": true,
  "packages": {
    "": {
      "name": "rodrigol-2",
      "version": "2.2.2-rc.golive.1",
      "workspaces": [
        "apps/*",
        "packages/*"
      ],
      "devDependencies": {
        "typescript": "5.8.3"
      },
      "engines": {
        "node": ">=20.0.0",
        "npm": ">=10.0.0"
      }
    },
    "apps/obs-bridge": {
      "name": "@rodrigol/obs-bridge",
      "version": "2.2.2-rc.golive.1"
    },
    "apps/overlay": {
      "name": "@rodrigol/browser-overlay",
      "version": "2.0.0-alpha.1"
    },
    "apps/overlay-studio": {
      "name": "@rodrigol/overlay-studio",
      "version": "2.0.0-rc.golive.1"
    },
    "apps/public-portal": {
      "name": "@rodrigol/public-portal",
      "version": "0.4.2-rc.golive.1"
    },
    "node_modules/@rodrigol/browser-overlay": {
      "resolved": "apps/overlay",
      "link": true
    },
    "node_modules/@rodrigol/core": {
      "resolved": "packages/core",
      "link": true
    },
    "node_modules/@rodrigol/editorial": {
      "resolved": "packages/editorial",
      "link": true
    },
    "node_modules/@rodrigol/football": {
      "resolved": "packages/football",
      "link": true
    },
    "node_modules/@rodrigol/obs-bridge": {
      "resolved": "apps/obs-bridge",
      "link": true
    },
    "node_modules/@rodrigol/overlay": {
      "resolved": "packages/overlay",
      "link": true
    },
    "node_modules/@rodrigol/overlay-studio": {
      "resolved": "apps/overlay-studio",
      "link": true
    },
    "node_modules/@rodrigol/public-portal": {
      "resolved": "apps/public-portal",
      "link": true
    },
    "node_modules/typescript": {
      "version": "5.8.3",
      "resolved": "https://registry.npmjs.org/typescript/-/typescript-5.8.3.tgz",
      "integrity": "sha512-p1diW6TqL9L07nNxvRMM7hMMw4c5XOo/1ibL4aAIGmSAt9slTE1Xgw5KWuof2uTOvCg9BY7ZRi+GaF+7sfgPeQ==",
      "dev": true,
      "license": "Apache-2.0",
      "bin": {
        "tsc": "bin/tsc",
        "tsserver": "bin/tsserver"
      },
      "engines": {
        "node": ">=14.17"
      }
    },
    "packages/core": {
      "name": "@rodrigol/core",
      "version": "2.0.0-alpha.1"
    },
    "packages/editorial": {
      "name": "@rodrigol/editorial",
      "version": "2.0.0-alpha.1",
      "dependencies": {
        "@rodrigol/core": "2.0.0-alpha.1",
        "@rodrigol/football": "2.0.0-alpha.1"
      }
    },
    "packages/football": {
      "name": "@rodrigol/football",
      "version": "2.0.0-alpha.1",
      "dependencies": {
        "@rodrigol/core": "2.0.0-alpha.1"
      }
    },
    "packages/overlay": {
      "name": "@rodrigol/overlay",
      "version": "2.0.0-alpha.1",
      "dependencies": {
        "@rodrigol/core": "2.0.0-alpha.1",
        "@rodrigol/editorial": "2.0.0-alpha.1"
      }
    }
  }
}
