{
  "name": "rodrigol-2",
  "version": "0.2.0",
  "lockfileVersion": 3,
  "requires": true,
  "packages": {
    "": {
      "name": "rodrigol-2",
      "version": "0.2.0",
      "workspaces": [
        "apps/*",
        "packages/*"
      ],
      "devDependencies": {
        "typescript": "5.8.3"
      },
      "engines": {
        "node": ">=20.0.0",
        "npm": ">=10.0.0"
      }
    },
    "apps/obs-bridge": {
      "name": "@rodrigol/obs-bridge",
      "version": "0.1.0"
    },
    "apps/overlay": {
      "name": "@rodrigol/browser-overlay",
      "version": "0.2.0"
    },
    "node_modules/@rodrigol/browser-overlay": {
      "resolved": "apps/overlay",
      "link": true
    },
    "node_modules/@rodrigol/core": {
      "resolved": "packages/core",
      "link": true
    },
    "node_modules/@rodrigol/editorial": {
      "resolved": "packages/editorial",
      "link": true
    },
    "node_modules/@rodrigol/football": {
      "resolved": "packages/football",
      "link": true
    },
    "node_modules/@rodrigol/obs-bridge": {
      "resolved": "apps/obs-bridge",
      "link": true
    },
    "node_modules/@rodrigol/overlay": {
      "resolved": "packages/overlay",
      "link": true
    },
    "node_modules/typescript": {
      "version": "5.8.3",
      "resolved": "https://registry.npmjs.org/typescript/-/typescript-5.8.3.tgz",
      "integrity": "sha512-p1diW6TqL9L07nNxvRMM7hMMw4c5XOo/1ibL4aAIGmSAt9slTE1Xgw5KWuof2uTOvCg9BY7ZRi+GaF+7sfgPeQ==",
      "dev": true,
      "license": "Apache-2.0",
      "bin": {
        "tsc": "bin/tsc",
        "tsserver": "bin/tsserver"
      },
      "engines": {
        "node": ">=14.17"
      }
    },
    "packages/core": {
      "name": "@rodrigol/core",
      "version": "0.2.0"
    },
    "packages/editorial": {
      "name": "@rodrigol/editorial",
      "version": "0.1.0",
      "dependencies": {
        "@rodrigol/core": "0.2.0",
        "@rodrigol/football": "0.2.0"
      }
    },
    "packages/football": {
      "name": "@rodrigol/football",
      "version": "0.2.0",
      "dependencies": {
        "@rodrigol/core": "0.2.0"
      }
    },
    "packages/overlay": {
      "name": "@rodrigol/overlay",
      "version": "0.1.0",
      "dependencies": {
        "@rodrigol/core": "0.2.0",
        "@rodrigol/editorial": "0.1.0"
      }
    }
  }
}
